
Microsoft Visual Studio Solution File, Format Version 12.00
# Visual Studio 14
VisualStudioVersion = 14.0.23107.0
MinimumVisualStudioVersion = 10.0.40219.1
Project("{FAE04EC0-301F-11D3-BF4B-00C04F79EFBC}") = "RockyWood", "RockyWood\RockyWood.csproj", "{EAF22D88-E400-436A-A04A-0D40FEF7F3B7}"
EndProject
Project("{FAE04EC0-301F-11D3-BF4B-00C04F79EFBC}") = "RockyWoodTests", "RockyWoodTests\RockyWoodTests.csproj", "{947151F4-D734-4C8A-8011-8F57FC7E67D8}"
EndProject
Global
	GlobalSection(SolutionConfigurationPlatforms) = preSolution
		Debug|Any CPU = Debug|Any CPU
		Release|Any CPU = Release|Any CPU
	EndGlobalSection
	GlobalSection(ProjectConfigurationPlatforms) = postSolution
		{EAF22D88-E400-436A-A04A-0D40FEF7F3B7}.Debug|Any CPU.ActiveCfg = Debug|Any CPU
		{EAF22D88-E400-436A-A04A-0D40FEF7F3B7}.Debug|Any CPU.Build.0 = Debug|Any CPU
		{EAF22D88-E400-436A-A04A-0D40FEF7F3B7}.Release|Any CPU.ActiveCfg = Release|Any CPU
		{EAF22D88-E400-436A-A04A-0D40FEF7F3B7}.Release|Any CPU.Build.0 = Release|Any CPU
		{947151F4-D734-4C8A-8011-8F57FC7E67D8}.Debug|Any CPU.ActiveCfg = Debug|Any CPU
		{947151F4-D734-4C8A-8011-8F57FC7E67D8}.Debug|Any CPU.Build.0 = Debug|Any CPU
		{947151F4-D734-4C8A-8011-8F57FC7E67D8}.Release|Any CPU.ActiveCfg = Release|Any CPU
		{947151F4-D734-4C8A-8011-8F57FC7E67D8}.Release|Any CPU.Build.0 = Release|Any CPU
	EndGlobalSection
	GlobalSection(SolutionProperties) = preSolution
		HideSolutionNode = FALSE
	EndGlobalSection
EndGlobal
